
Microsoft Visual Studio Solution File, Format Version 12.00
# Visual Studio Version 17
VisualStudioVersion = 17.8.34330.188
MinimumVisualStudioVersion = 10.0.40219.1
Project("{9A19103F-16F7-4668-BE54-9A1E7A4F7556}") = "Orangotango.Api", "src\Orangotango.Api\Orangotango.Api.csproj", "{0AE95FDA-7751-42E5-A22F-B58D76E42411}"
EndProject
Project("{9A19103F-16F7-4668-BE54-9A1E7A4F7556}") = "Orangotango.Core", "src\Orangotango.Core\Orangotango.Core.csproj", "{F02637A2-D0BA-47E2-94B7-A742FBC519E7}"
EndProject
Project("{9A19103F-16F7-4668-BE54-9A1E7A4F7556}") = "Orangotango.Events", "src\Orangotango.Events\Orangotango.Events.csproj", "{A2A00C9F-1CB1-47F4-8179-4122378D1D1D}"
EndProject
Project("{9A19103F-16F7-4668-BE54-9A1E7A4F7556}") = "Orangotango.Infra", "src\Orangotango.Infra\Orangotango.Infra.csproj", "{FAF6C58D-8D41-4ABB-9F5A-C636AA280706}"
EndProject
Global
	GlobalSection(SolutionConfigurationPlatforms) = preSolution
		Debug|Any CPU = Debug|Any CPU
		Release|Any CPU = Release|Any CPU
	EndGlobalSection
	GlobalSection(ProjectConfigurationPlatforms) = postSolution
		{0AE95FDA-7751-42E5-A22F-B58D76E42411}.Debug|Any CPU.ActiveCfg = Debug|Any CPU
		{0AE95FDA-7751-42E5-A22F-B58D76E42411}.Debug|Any CPU.Build.0 = Debug|Any CPU
		{0AE95FDA-7751-42E5-A22F-B58D76E42411}.Release|Any CPU.ActiveCfg = Release|Any CPU
		{0AE95FDA-7751-42E5-A22F-B58D76E42411}.Release|Any CPU.Build.0 = Release|Any CPU
		{F02637A2-D0BA-47E2-94B7-A742FBC519E7}.Debug|Any CPU.ActiveCfg = Debug|Any CPU
		{F02637A2-D0BA-47E2-94B7-A742FBC519E7}.Debug|Any CPU.Build.0 = Debug|Any CPU
		{F02637A2-D0BA-47E2-94B7-A742FBC519E7}.Release|Any CPU.ActiveCfg = Release|Any CPU
		{F02637A2-D0BA-47E2-94B7-A742FBC519E7}.Release|Any CPU.Build.0 = Release|Any CPU
		{A2A00C9F-1CB1-47F4-8179-4122378D1D1D}.Debug|Any CPU.ActiveCfg = Debug|Any CPU
		{A2A00C9F-1CB1-47F4-8179-4122378D1D1D}.Debug|Any CPU.Build.0 = Debug|Any CPU
		{A2A00C9F-1CB1-47F4-8179-4122378D1D1D}.Release|Any CPU.ActiveCfg = Release|Any CPU
		{A2A00C9F-1CB1-47F4-8179-4122378D1D1D}.Release|Any CPU.Build.0 = Release|Any CPU
		{FAF6C58D-8D41-4ABB-9F5A-C636AA280706}.Debug|Any CPU.ActiveCfg = Debug|Any CPU
		{FAF6C58D-8D41-4ABB-9F5A-C636AA280706}.Debug|Any CPU.Build.0 = Debug|Any CPU
		{FAF6C58D-8D41-4ABB-9F5A-C636AA280706}.Release|Any CPU.ActiveCfg = Release|Any CPU
		{FAF6C58D-8D41-4ABB-9F5A-C636AA280706}.Release|Any CPU.Build.0 = Release|Any CPU
	EndGlobalSection
	GlobalSection(SolutionProperties) = preSolution
		HideSolutionNode = FALSE
	EndGlobalSection
	GlobalSection(ExtensibilityGlobals) = postSolution
		SolutionGuid = {0DDB6AD8-73FA-4C8F-BB15-1E72B049A01D}
	EndGlobalSection
EndGlobal
