
Microsoft Visual Studio Solution File, Format Version 12.00
# Visual Studio Version 17
VisualStudioVersion = 17.8.34330.188
MinimumVisualStudioVersion = 10.0.40219.1
Project("{9A19103F-16F7-4668-BE54-9A1E7A4F7556}") = "PixelHotel.Core", "src\PixelHotel.Core\PixelHotel.Core.csproj", "{22E06DFD-96E6-4004-8705-637036BC0C7D}"
EndProject
Project("{9A19103F-16F7-4668-BE54-9A1E7A4F7556}") = "PixelHotel.Events", "src\PixelHotel.Events\PixelHotel.Events.csproj", "{1E09A94B-24A3-40A0-BDFC-7DCE29EE6742}"
EndProject
Project("{9A19103F-16F7-4668-BE54-9A1E7A4F7556}") = "PixelHotel.Infra", "src\PixelHotel.Infra\PixelHotel.Infra.csproj", "{B5A7D867-6C6D-4C3D-B1B4-9A55811836BB}"
EndProject
Project("{2150E333-8FDC-42A3-9474-1A3956D46DE8}") = "Packages", "Packages", "{EC8B2DD2-4A83-455D-96AA-F749326FC16C}"
EndProject
Project("{2150E333-8FDC-42A3-9474-1A3956D46DE8}") = "Tests", "Tests", "{D9093CE7-204C-4358-BFE4-33CA862CD760}"
EndProject
Project("{FAE04EC0-301F-11D3-BF4B-00C04F79EFBC}") = "PixelHotel.Api", "src\PixelHotel.Api\PixelHotel.Api.csproj", "{8C17EAC3-1C2B-4B61-A66D-E878F7A554E2}"
EndProject
Global
	GlobalSection(SolutionConfigurationPlatforms) = preSolution
		Debug|Any CPU = Debug|Any CPU
		Release|Any CPU = Release|Any CPU
	EndGlobalSection
	GlobalSection(ProjectConfigurationPlatforms) = postSolution
		{22E06DFD-96E6-4004-8705-637036BC0C7D}.Debug|Any CPU.ActiveCfg = Debug|Any CPU
		{22E06DFD-96E6-4004-8705-637036BC0C7D}.Debug|Any CPU.Build.0 = Debug|Any CPU
		{22E06DFD-96E6-4004-8705-637036BC0C7D}.Release|Any CPU.ActiveCfg = Release|Any CPU
		{22E06DFD-96E6-4004-8705-637036BC0C7D}.Release|Any CPU.Build.0 = Release|Any CPU
		{1E09A94B-24A3-40A0-BDFC-7DCE29EE6742}.Debug|Any CPU.ActiveCfg = Debug|Any CPU
		{1E09A94B-24A3-40A0-BDFC-7DCE29EE6742}.Debug|Any CPU.Build.0 = Debug|Any CPU
		{1E09A94B-24A3-40A0-BDFC-7DCE29EE6742}.Release|Any CPU.ActiveCfg = Release|Any CPU
		{1E09A94B-24A3-40A0-BDFC-7DCE29EE6742}.Release|Any CPU.Build.0 = Release|Any CPU
		{B5A7D867-6C6D-4C3D-B1B4-9A55811836BB}.Debug|Any CPU.ActiveCfg = Debug|Any CPU
		{B5A7D867-6C6D-4C3D-B1B4-9A55811836BB}.Debug|Any CPU.Build.0 = Debug|Any CPU
		{B5A7D867-6C6D-4C3D-B1B4-9A55811836BB}.Release|Any CPU.ActiveCfg = Release|Any CPU
		{B5A7D867-6C6D-4C3D-B1B4-9A55811836BB}.Release|Any CPU.Build.0 = Release|Any CPU
		{8C17EAC3-1C2B-4B61-A66D-E878F7A554E2}.Debug|Any CPU.ActiveCfg = Debug|Any CPU
		{8C17EAC3-1C2B-4B61-A66D-E878F7A554E2}.Debug|Any CPU.Build.0 = Debug|Any CPU
		{8C17EAC3-1C2B-4B61-A66D-E878F7A554E2}.Release|Any CPU.ActiveCfg = Release|Any CPU
		{8C17EAC3-1C2B-4B61-A66D-E878F7A554E2}.Release|Any CPU.Build.0 = Release|Any CPU
	EndGlobalSection
	GlobalSection(SolutionProperties) = preSolution
		HideSolutionNode = FALSE
	EndGlobalSection
	GlobalSection(NestedProjects) = preSolution
		{22E06DFD-96E6-4004-8705-637036BC0C7D} = {EC8B2DD2-4A83-455D-96AA-F749326FC16C}
		{1E09A94B-24A3-40A0-BDFC-7DCE29EE6742} = {EC8B2DD2-4A83-455D-96AA-F749326FC16C}
		{B5A7D867-6C6D-4C3D-B1B4-9A55811836BB} = {EC8B2DD2-4A83-455D-96AA-F749326FC16C}
		{8C17EAC3-1C2B-4B61-A66D-E878F7A554E2} = {EC8B2DD2-4A83-455D-96AA-F749326FC16C}
	EndGlobalSection
	GlobalSection(ExtensibilityGlobals) = postSolution
		SolutionGuid = {0DDB6AD8-73FA-4C8F-BB15-1E72B049A01D}
	EndGlobalSection
EndGlobal
